
Microsoft Visual Studio Solution File, Format Version 12.00
# Visual Studio Version 17
VisualStudioVersion = 17.12.35323.107
MinimumVisualStudioVersion = 10.0.40219.1
Project("{FAE04EC0-301F-11D3-BF4B-00C04F79EFBC}") = "01_MainSubjects", "01_MainSubjects\01_MainSubjects.csproj", "{B0B45638-4F4E-4E59-B36E-02D84FF621C6}"
EndProject
Project("{FAE04EC0-301F-11D3-BF4B-00C04F79EFBC}") = "02_Variables", "02_Variables\02_Variables.csproj", "{B77CE7C2-4BBE-4BFA-8736-93D154427C72}"
EndProject
Project("{FAE04EC0-301F-11D3-BF4B-00C04F79EFBC}") = "03_MakingDecisions", "03_MakingDecisions\03_MakingDecisions.csproj", "{78BF4F85-75A2-4C18-AEDD-F287BC41EFD2}"
EndProject
Project("{FAE04EC0-301F-11D3-BF4B-00C04F79EFBC}") = "04_Loops", "04_Loops\04_Loops.csproj", "{2AC100A9-FF3A-4E23-ACBE-A8ADF6F80517}"
EndProject
Project("{FAE04EC0-301F-11D3-BF4B-00C04F79EFBC}") = "05_LoopsWithStars", "05_LoopsWithStars\05_LoopsWithStars.csproj", "{7EB51E8F-CA25-4CC4-A7D7-6CC0E5AD37D9}"
EndProject
Project("{FAE04EC0-301F-11D3-BF4B-00C04F79EFBC}") = "06_Arrays", "06_Arrays\06_Arrays.csproj", "{71F542ED-E480-4ED8-9589-8F6E9443ABDE}"
EndProject
Project("{FAE04EC0-301F-11D3-BF4B-00C04F79EFBC}") = "07_ForeachLoop", "07_ForeachLoop\07_ForeachLoop.csproj", "{01C3912C-0777-49DB-B4C1-5BD9D60C9C9C}"
EndProject
Project("{FAE04EC0-301F-11D3-BF4B-00C04F79EFBC}") = "08_Methods", "08_Methods\08_Methods.csproj", "{D3A87CE1-F3AF-433C-9BDD-143BE9F1A097}"
EndProject
Global
	GlobalSection(SolutionConfigurationPlatforms) = preSolution
		Debug|Any CPU = Debug|Any CPU
		Release|Any CPU = Release|Any CPU
	EndGlobalSection
	GlobalSection(ProjectConfigurationPlatforms) = postSolution
		{B0B45638-4F4E-4E59-B36E-02D84FF621C6}.Debug|Any CPU.ActiveCfg = Debug|Any CPU
		{B0B45638-4F4E-4E59-B36E-02D84FF621C6}.Debug|Any CPU.Build.0 = Debug|Any CPU
		{B0B45638-4F4E-4E59-B36E-02D84FF621C6}.Release|Any CPU.ActiveCfg = Release|Any CPU
		{B0B45638-4F4E-4E59-B36E-02D84FF621C6}.Release|Any CPU.Build.0 = Release|Any CPU
		{B77CE7C2-4BBE-4BFA-8736-93D154427C72}.Debug|Any CPU.ActiveCfg = Debug|Any CPU
		{B77CE7C2-4BBE-4BFA-8736-93D154427C72}.Debug|Any CPU.Build.0 = Debug|Any CPU
		{B77CE7C2-4BBE-4BFA-8736-93D154427C72}.Release|Any CPU.ActiveCfg = Release|Any CPU
		{B77CE7C2-4BBE-4BFA-8736-93D154427C72}.Release|Any CPU.Build.0 = Release|Any CPU
		{78BF4F85-75A2-4C18-AEDD-F287BC41EFD2}.Debug|Any CPU.ActiveCfg = Debug|Any CPU
		{78BF4F85-75A2-4C18-AEDD-F287BC41EFD2}.Debug|Any CPU.Build.0 = Debug|Any CPU
		{78BF4F85-75A2-4C18-AEDD-F287BC41EFD2}.Release|Any CPU.ActiveCfg = Release|Any CPU
		{78BF4F85-75A2-4C18-AEDD-F287BC41EFD2}.Release|Any CPU.Build.0 = Release|Any CPU
		{2AC100A9-FF3A-4E23-ACBE-A8ADF6F80517}.Debug|Any CPU.ActiveCfg = Debug|Any CPU
		{2AC100A9-FF3A-4E23-ACBE-A8ADF6F80517}.Debug|Any CPU.Build.0 = Debug|Any CPU
		{2AC100A9-FF3A-4E23-ACBE-A8ADF6F80517}.Release|Any CPU.ActiveCfg = Release|Any CPU
		{2AC100A9-FF3A-4E23-ACBE-A8ADF6F80517}.Release|Any CPU.Build.0 = Release|Any CPU
		{7EB51E8F-CA25-4CC4-A7D7-6CC0E5AD37D9}.Debug|Any CPU.ActiveCfg = Debug|Any CPU
		{7EB51E8F-CA25-4CC4-A7D7-6CC0E5AD37D9}.Debug|Any CPU.Build.0 = Debug|Any CPU
		{7EB51E8F-CA25-4CC4-A7D7-6CC0E5AD37D9}.Release|Any CPU.ActiveCfg = Release|Any CPU
		{7EB51E8F-CA25-4CC4-A7D7-6CC0E5AD37D9}.Release|Any CPU.Build.0 = Release|Any CPU
		{71F542ED-E480-4ED8-9589-8F6E9443ABDE}.Debug|Any CPU.ActiveCfg = Debug|Any CPU
		{71F542ED-E480-4ED8-9589-8F6E9443ABDE}.Debug|Any CPU.Build.0 = Debug|Any CPU
		{71F542ED-E480-4ED8-9589-8F6E9443ABDE}.Release|Any CPU.ActiveCfg = Release|Any CPU
		{71F542ED-E480-4ED8-9589-8F6E9443ABDE}.Release|Any CPU.Build.0 = Release|Any CPU
		{01C3912C-0777-49DB-B4C1-5BD9D60C9C9C}.Debug|Any CPU.ActiveCfg = Debug|Any CPU
		{01C3912C-0777-49DB-B4C1-5BD9D60C9C9C}.Debug|Any CPU.Build.0 = Debug|Any CPU
		{01C3912C-0777-49DB-B4C1-5BD9D60C9C9C}.Release|Any CPU.ActiveCfg = Release|Any CPU
		{01C3912C-0777-49DB-B4C1-5BD9D60C9C9C}.Release|Any CPU.Build.0 = Release|Any CPU
		{D3A87CE1-F3AF-433C-9BDD-143BE9F1A097}.Debug|Any CPU.ActiveCfg = Debug|Any CPU
		{D3A87CE1-F3AF-433C-9BDD-143BE9F1A097}.Debug|Any CPU.Build.0 = Debug|Any CPU
		{D3A87CE1-F3AF-433C-9BDD-143BE9F1A097}.Release|Any CPU.ActiveCfg = Release|Any CPU
		{D3A87CE1-F3AF-433C-9BDD-143BE9F1A097}.Release|Any CPU.Build.0 = Release|Any CPU
	EndGlobalSection
	GlobalSection(SolutionProperties) = preSolution
		HideSolutionNode = FALSE
	EndGlobalSection
	GlobalSection(ExtensibilityGlobals) = postSolution
		SolutionGuid = {76C7832A-5F82-42F5-A03F-C67FD7548076}
	EndGlobalSection
EndGlobal
